
Microsoft Visual Studio Solution File, Format Version 12.00
# Visual Studio Version 17
VisualStudioVersion = 17.0.31903.59
MinimumVisualStudioVersion = 10.0.40219.1
Project("{FAE04EC0-301F-11D3-BF4B-00C04F79EFBC}") = "ASO.Domain", "ASO.Domain\ASO.Domain.csproj", "{23098AF2-E736-4578-BF69-3A12E729959A}"
EndProject
Project("{FAE04EC0-301F-11D3-BF4B-00C04F79EFBC}") = "ASO.Domain.Tests", "ASO.Domain.Tests\ASO.Domain.Tests.csproj", "{8E2E0ADF-5F2A-4B0F-B349-32FD93E13B8D}"
EndProject
Project("{2150E333-8FDC-42A3-9474-1A3956D46DE8}") = "Tests", "Tests", "{B18080C1-D423-4D5A-AF2C-C82B0DA8E429}"
EndProject
Global
	GlobalSection(SolutionConfigurationPlatforms) = preSolution
		Debug|Any CPU = Debug|Any CPU
		Release|Any CPU = Release|Any CPU
	EndGlobalSection
	GlobalSection(SolutionProperties) = preSolution
		HideSolutionNode = FALSE
	EndGlobalSection
	GlobalSection(ProjectConfigurationPlatforms) = postSolution
		{23098AF2-E736-4578-BF69-3A12E729959A}.Debug|Any CPU.ActiveCfg = Debug|Any CPU
		{23098AF2-E736-4578-BF69-3A12E729959A}.Debug|Any CPU.Build.0 = Debug|Any CPU
		{23098AF2-E736-4578-BF69-3A12E729959A}.Release|Any CPU.ActiveCfg = Release|Any CPU
		{23098AF2-E736-4578-BF69-3A12E729959A}.Release|Any CPU.Build.0 = Release|Any CPU
		{8E2E0ADF-5F2A-4B0F-B349-32FD93E13B8D}.Debug|Any CPU.ActiveCfg = Debug|Any CPU
		{8E2E0ADF-5F2A-4B0F-B349-32FD93E13B8D}.Debug|Any CPU.Build.0 = Debug|Any CPU
		{8E2E0ADF-5F2A-4B0F-B349-32FD93E13B8D}.Release|Any CPU.ActiveCfg = Release|Any CPU
		{8E2E0ADF-5F2A-4B0F-B349-32FD93E13B8D}.Release|Any CPU.Build.0 = Release|Any CPU
	EndGlobalSection
	GlobalSection(NestedProjects) = preSolution
		{8E2E0ADF-5F2A-4B0F-B349-32FD93E13B8D} = {B18080C1-D423-4D5A-AF2C-C82B0DA8E429}
	EndGlobalSection
EndGlobal
